
Microsoft Visual Studio Solution File, Format Version 12.00
# Visual Studio Version 16
VisualStudioVersion = 16.0.30011.22
MinimumVisualStudioVersion = 10.0.40219.1
Project("{FAE04EC0-301F-11D3-BF4B-00C04F79EFBC}") = "lamdaProject", "lamdaProject\lamdaProject.csproj", "{D62E1E5A-B1F9-4CEC-88F5-5B865657B29A}"
EndProject
Global
	GlobalSection(SolutionConfigurationPlatforms) = preSolution
		Debug|Any CPU = Debug|Any CPU
		Release|Any CPU = Release|Any CPU
	EndGlobalSection
	GlobalSection(ProjectConfigurationPlatforms) = postSolution
		{D62E1E5A-B1F9-4CEC-88F5-5B865657B29A}.Debug|Any CPU.ActiveCfg = Debug|Any CPU
		{D62E1E5A-B1F9-4CEC-88F5-5B865657B29A}.Debug|Any CPU.Build.0 = Debug|Any CPU
		{D62E1E5A-B1F9-4CEC-88F5-5B865657B29A}.Release|Any CPU.ActiveCfg = Release|Any CPU
		{D62E1E5A-B1F9-4CEC-88F5-5B865657B29A}.Release|Any CPU.Build.0 = Release|Any CPU
	EndGlobalSection
	GlobalSection(SolutionProperties) = preSolution
		HideSolutionNode = FALSE
	EndGlobalSection
	GlobalSection(ExtensibilityGlobals) = postSolution
		SolutionGuid = {AF4469AB-7ED1-44C3-9B66-2E7DA9DDD28E}
	EndGlobalSection
EndGlobal
