
Microsoft Visual Studio Solution File, Format Version 12.00
# Visual Studio Version 16
VisualStudioVersion = 16.0.30011.22
MinimumVisualStudioVersion = 10.0.40219.1
Project("{9A19103F-16F7-4668-BE54-9A1E7A4F7556}") = "CodingChallengeWeek3", "CodingChallenge2\CodingChallengeWeek3.csproj", "{2DF5AAA1-2C3F-4AF0-B465-4C3A1817CFE3}"
EndProject
Global
	GlobalSection(SolutionConfigurationPlatforms) = preSolution
		Debug|Any CPU = Debug|Any CPU
		Release|Any CPU = Release|Any CPU
	EndGlobalSection
	GlobalSection(ProjectConfigurationPlatforms) = postSolution
		{2DF5AAA1-2C3F-4AF0-B465-4C3A1817CFE3}.Debug|Any CPU.ActiveCfg = Debug|Any CPU
		{2DF5AAA1-2C3F-4AF0-B465-4C3A1817CFE3}.Debug|Any CPU.Build.0 = Debug|Any CPU
		{2DF5AAA1-2C3F-4AF0-B465-4C3A1817CFE3}.Release|Any CPU.ActiveCfg = Release|Any CPU
		{2DF5AAA1-2C3F-4AF0-B465-4C3A1817CFE3}.Release|Any CPU.Build.0 = Release|Any CPU
	EndGlobalSection
	GlobalSection(SolutionProperties) = preSolution
		HideSolutionNode = FALSE
	EndGlobalSection
	GlobalSection(ExtensibilityGlobals) = postSolution
		SolutionGuid = {6B7407F4-B276-4F04-8A81-8F385C7E9DD8}
	EndGlobalSection
EndGlobal
